# This file is automatically @generated by Cargo.
# It is not intended for manual editing.
version = 3

[[package]]
name = "hackflight"
version = "0.1.2"
source = "registry+https://github.com/rust-lang/crates.io-index"
checksum = "82f411c8b04fe33fd87132ee9e9a5ab3f9c30462fc87c7d2df910dc9fc1eb278"

[[package]]
name = "multisim-hackflight-rust"
version = "0.1.1"
dependencies = [
 "hackflight",
]
