# This file is automatically @generated by Cargo.
# It is not intended for manual editing.
version = 3

[[package]]
name = "hackflight"
version = "0.1.7"
source = "registry+https://github.com/rust-lang/crates.io-index"
checksum = "a110d0fb295600feb08ffcb072087ce44bd8e6d3bdd598fd0d4f23f613785b54"

[[package]]
name = "multisim"
version = "0.1.0"
dependencies = [
 "hackflight",
]
