# This file is automatically @generated by Cargo.
# It is not intended for manual editing.
version = 3

[[package]]
name = "foo"
version = "0.1.0"
dependencies = [
 "hackflight",
]

[[package]]
name = "hackflight"
version = "0.1.3"
source = "registry+https://github.com/rust-lang/crates.io-index"
checksum = "eb1f4412d58c6eaf427c44d04e2f48a8f4ec92d653b2a89ad1901df292710660"
